// !$*UTF8*$!
{
	archiveVersion = 1;
	classes = {
	};
	objectVersion = 56;
	objects = {

/* Begin PBXBuildFile section */
		A29991FB2944186B0092AA9C /* L1_DemoApp.swift in Sources */ = {isa = PBXBuildFile; fileRef = A29991FA2944186B0092AA9C /* L1_DemoApp.swift */; };
		A29991FD2944186B0092AA9C /* ContentView.swift in Sources */ = {isa = PBXBuildFile; fileRef = A29991FC2944186B0092AA9C /* ContentView.swift */; };
		A29991FF2944186D0092AA9C /* Assets.xcassets in Resources */ = {isa = PBXBuildFile; fileRef = A29991FE2944186D0092AA9C /* Assets.xcassets */; };
		A29992022944186D0092AA9C /* Preview Assets.xcassets in Resources */ = {isa = PBXBuildFile; fileRef = A29992012944186D0092AA9C /* Preview Assets.xcassets */; };
		A299920C2944186D0092AA9C /* L1_DemoTests.swift in Sources */ = {isa = PBXBuildFile; fileRef = A299920B2944186D0092AA9C /* L1_DemoTests.swift */; };
		A29992162944186D0092AA9C /* L1_DemoUITests.swift in Sources */ = {isa = PBXBuildFile; fileRef = A29992152944186D0092AA9C /* L1_DemoUITests.swift */; };
		A29992182944186D0092AA9C /* L1_DemoUITestsLaunchTests.swift in Sources */ = {isa = PBXBuildFile; fileRef = A29992172944186D0092AA9C /* L1_DemoUITestsLaunchTests.swift */; };
/* End PBXBuildFile section */

/* Begin PBXContainerItemProxy section */
		A29992082944186D0092AA9C /* PBXContainerItemProxy */ = {
			isa = PBXContainerItemProxy;
			containerPortal = A29991EF2944186B0092AA9C /* Project object */;
			proxyType = 1;
			remoteGlobalIDString = A29991F62944186B0092AA9C;
			remoteInfo = "L1 Demo";
		};
		A29992122944186D0092AA9C /* PBXContainerItemProxy */ = {
			isa = PBXContainerItemProxy;
			containerPortal = A29991EF2944186B0092AA9C /* Project object */;
			proxyType = 1;
			remoteGlobalIDString = A29991F62944186B0092AA9C;
			remoteInfo = "L1 Demo";
		};
/* End PBXContainerItemProxy section */

/* Begin PBXFileReference section */
		A29991F72944186B0092AA9C /* L1 Demo.app */ = {isa = PBXFileReference; explicitFileType = wrapper.application; includeInIndex = 0; path = "L1 Demo.app"; sourceTree = BUILT_PRODUCTS_DIR; };
		A29991FA2944186B0092AA9C /* L1_DemoApp.swift */ = {isa = PBXFileReference; lastKnownFileType = sourcecode.swift; path = L1_DemoApp.swift; sourceTree = "<group>"; };
		A29991FC2944186B0092AA9C /* ContentView.swift */ = {isa = PBXFileReference; lastKnownFileType = sourcecode.swift; path = ContentView.swift; sourceTree = "<group>"; };
		A29991FE2944186D0092AA9C /* Assets.xcassets */ = {isa = PBXFileReference; lastKnownFileType = folder.assetcatalog; path = Assets.xcassets; sourceTree = "<group>"; };
		A29992012944186D0092AA9C /* Preview Assets.xcassets */ = {isa = PBXFileReference; lastKnownFileType = folder.assetcatalog; path = "Preview Assets.xcassets"; sourceTree = "<group>"; };
		A29992072944186D0092AA9C /* L1 DemoTests.xctest */ = {isa = PBXFileReference; explicitFileType = wrapper.cfbundle; includeInIndex = 0; path = "L1 DemoTests.xctest"; sourceTree = BUILT_PRODUCTS_DIR; };
		A299920B2944186D0092AA9C /* L1_DemoTests.swift */ = {isa = PBXFileReference; lastKnownFileType = sourcecode.swift; path = L1_DemoTests.swift; sourceTree = "<group>"; };
		A29992112944186D0092AA9C /* L1 DemoUITests.xctest */ = {isa = PBXFileReference; explicitFileType = wrapper.cfbundle; includeInIndex = 0; path = "L1 DemoUITests.xctest"; sourceTree = BUILT_PRODUCTS_DIR; };
		A29992152944186D0092AA9C /* L1_DemoUITests.swift */ = {isa = PBXFileReference; lastKnownFileType = sourcecode.swift; path = L1_DemoUITests.swift; sourceTree = "<group>"; };
		A29992172944186D0092AA9C /* L1_DemoUITestsLaunchTests.swift */ = {isa = PBXFileReference; lastKnownFileType = sourcecode.swift; path = L1_DemoUITestsLaunchTests.swift; sourceTree = "<group>"; };
/* End PBXFileReference section */

/* Begin PBXFrameworksBuildPhase section */
		A29991F42944186B0092AA9C /* Frameworks */ = {
			isa = PBXFrameworksBuildPhase;
			buildActionMask = 2147483647;
			files = (
			);
			runOnlyForDeploymentPostprocessing = 0;
		};
		A29992042944186D0092AA9C /* Frameworks */ = {
			isa = PBXFrameworksBuildPhase;
			buildActionMask = 2147483647;
			files = (
			);
			runOnlyForDeploymentPostprocessing = 0;
		};
		A299920E2944186D0092AA9C /* Frameworks */ = {
			isa = PBXFrameworksBuildPhase;
			buildActionMask = 2147483647;
			files = (
			);
			runOnlyForDeploymentPostprocessing = 0;
		};
/* End PBXFrameworksBuildPhase section */

/* Begin PBXGroup section */
		A29991EE2944186B0092AA9C = {
			isa = PBXGroup;
			children = (
				A29991F92944186B0092AA9C /* L1 Demo */,
				A299920A2944186D0092AA9C /* L1 DemoTests */,
				A29992142944186D0092AA9C /* L1 DemoUITests */,
				A29991F82944186B0092AA9C /* Products */,
			);
			sourceTree = "<group>";
		};
		A29991F82944186B0092AA9C /* Products */ = {
			isa = PBXGroup;
			children = (
				A29991F72944186B0092AA9C /* L1 Demo.app */,
				A29992072944186D0092AA9C /* L1 DemoTests.xctest */,
				A29992112944186D0092AA9C /* L1 DemoUITests.xctest */,
			);
			name = Products;
			sourceTree = "<group>";
		};
		A29991F92944186B0092AA9C /* L1 Demo */ = {
			isa = PBXGroup;
			children = (
				A29991FA2944186B0092AA9C /* L1_DemoApp.swift */,
				A29991FC2944186B0092AA9C /* ContentView.swift */,
				A29991FE2944186D0092AA9C /* Assets.xcassets */,
				A29992002944186D0092AA9C /* Preview Content */,
			);
			path = "L1 Demo";
			sourceTree = "<group>";
		};
		A29992002944186D0092AA9C /* Preview Content */ = {
			isa = PBXGroup;
			children = (
				A29992012944186D0092AA9C /* Preview Assets.xcassets */,
			);
			path = "Preview Content";
			sourceTree = "<group>";
		};
		A299920A2944186D0092AA9C /* L1 DemoTests */ = {
			isa = PBXGroup;
			children = (
				A299920B2944186D0092AA9C /* L1_DemoTests.swift */,
			);
			path = "L1 DemoTests";
			sourceTree = "<group>";
		};
		A29992142944186D0092AA9C /* L1 DemoUITests */ = {
			isa = PBXGroup;
			children = (
				A29992152944186D0092AA9C /* L1_DemoUITests.swift */,
				A29992172944186D0092AA9C /* L1_DemoUITestsLaunchTests.swift */,
			);
			path = "L1 DemoUITests";
			sourceTree = "<group>";
		};
/* End PBXGroup section */

/* Begin PBXNativeTarget section */
		A29991F62944186B0092AA9C /* L1 Demo */ = {
			isa = PBXNativeTarget;
			buildConfigurationList = A299921B2944186D0092AA9C /* Build configuration list for PBXNativeTarget "L1 Demo" */;
			buildPhases = (
				A29991F32944186B0092AA9C /* Sources */,
				A29991F42944186B0092AA9C /* Frameworks */,
				A29991F52944186B0092AA9C /* Resources */,
			);
			buildRules = (
			);
			dependencies = (
			);
			name = "L1 Demo";
			productName = "L1 Demo";
			productReference = A29991F72944186B0092AA9C /* L1 Demo.app */;
			productType = "com.apple.product-type.application";
		};
		A29992062944186D0092AA9C /* L1 DemoTests */ = {
			isa = PBXNativeTarget;
			buildConfigurationList = A299921E2944186D0092AA9C /* Build configuration list for PBXNativeTarget "L1 DemoTests" */;
			buildPhases = (
				A29992032944186D0092AA9C /* Sources */,
				A29992042944186D0092AA9C /* Frameworks */,
				A29992052944186D0092AA9C /* Resources */,
			);
			buildRules = (
			);
			dependencies = (
				A29992092944186D0092AA9C /* PBXTargetDependency */,
			);
			name = "L1 DemoTests";
			productName = "L1 DemoTests";
			productReference = A29992072944186D0092AA9C /* L1 DemoTests.xctest */;
			productType = "com.apple.product-type.bundle.unit-test";
		};
		A29992102944186D0092AA9C /* L1 DemoUITests */ = {
			isa = PBXNativeTarget;
			buildConfigurationList = A29992212944186D0092AA9C /* Build configuration list for PBXNativeTarget "L1 DemoUITests" */;
			buildPhases = (
				A299920D2944186D0092AA9C /* Sources */,
				A299920E2944186D0092AA9C /* Frameworks */,
				A299920F2944186D0092AA9C /* Resources */,
			);
			buildRules = (
			);
			dependencies = (
				A29992132944186D0092AA9C /* PBXTargetDependency */,
			);
			name = "L1 DemoUITests";
			productName = "L1 DemoUITests";
			productReference = A29992112944186D0092AA9C /* L1 DemoUITests.xctest */;
			productType = "com.apple.product-type.bundle.ui-testing";
		};
/* End PBXNativeTarget section */

/* Begin PBXProject section */
		A29991EF2944186B0092AA9C /* Project object */ = {
			isa = PBXProject;
			attributes = {
				BuildIndependentTargetsInParallel = 1;
				LastSwiftUpdateCheck = 1410;
				LastUpgradeCheck = 1410;
				TargetAttributes = {
					A29991F62944186B0092AA9C = {
						CreatedOnToolsVersion = 14.1;
					};
					A29992062944186D0092AA9C = {
						CreatedOnToolsVersion = 14.1;
						TestTargetID = A29991F62944186B0092AA9C;
					};
					A29992102944186D0092AA9C = {
						CreatedOnToolsVersion = 14.1;
						TestTargetID = A29991F62944186B0092AA9C;
					};
				};
			};
			buildConfigurationList = A29991F22944186B0092AA9C /* Build configuration list for PBXProject "L1 Demo" */;
			compatibilityVersion = "Xcode 14.0";
			developmentRegion = en;
			hasScannedForEncodings = 0;
			knownRegions = (
				en,
				Base,
			);
			mainGroup = A29991EE2944186B0092AA9C;
			productRefGroup = A29991F82944186B0092AA9C /* Products */;
			projectDirPath = "";
			projectRoot = "";
			targets = (
				A29991F62944186B0092AA9C /* L1 Demo */,
				A29992062944186D0092AA9C /* L1 DemoTests */,
				A29992102944186D0092AA9C /* L1 DemoUITests */,
			);
		};
/* End PBXProject section */

/* Begin PBXResourcesBuildPhase section */
		A29991F52944186B0092AA9C /* Resources */ = {
			isa = PBXResourcesBuildPhase;
			buildActionMask = 2147483647;
			files = (
				A29992022944186D0092AA9C /* Preview Assets.xcassets in Resources */,
				A29991FF2944186D0092AA9C /* Assets.xcassets in Resources */,
			);
			runOnlyForDeploymentPostprocessing = 0;
		};
		A29992052944186D0092AA9C /* Resources */ = {
			isa = PBXResourcesBuildPhase;
			buildActionMask = 2147483647;
			files = (
			);
			runOnlyForDeploymentPostprocessing = 0;
		};
		A299920F2944186D0092AA9C /* Resources */ = {
			isa = PBXResourcesBuildPhase;
			buildActionMask = 2147483647;
			files = (
			);
			runOnlyForDeploymentPostprocessing = 0;
		};
/* End PBXResourcesBuildPhase section */

/* Begin PBXSourcesBuildPhase section */
		A29991F32944186B0092AA9C /* Sources */ = {
			isa = PBXSourcesBuildPhase;
			buildActionMask = 2147483647;
			files = (
				A29991FD2944186B0092AA9C /* ContentView.swift in Sources */,
				A29991FB2944186B0092AA9C /* L1_DemoApp.swift in Sources */,
			);
			runOnlyForDeploymentPostprocessing = 0;
		};
		A29992032944186D0092AA9C /* Sources */ = {
			isa = PBXSourcesBuildPhase;
			buildActionMask = 2147483647;
			files = (
				A299920C2944186D0092AA9C /* L1_DemoTests.swift in Sources */,
			);
			runOnlyForDeploymentPostprocessing = 0;
		};
		A299920D2944186D0092AA9C /* Sources */ = {
			isa = PBXSourcesBuildPhase;
			buildActionMask = 2147483647;
			files = (
				A29992182944186D0092AA9C /* L1_DemoUITestsLaunchTests.swift in Sources */,
				A29992162944186D0092AA9C /* L1_DemoUITests.swift in Sources */,
			);
			runOnlyForDeploymentPostprocessing = 0;
		};
/* End PBXSourcesBuildPhase section */

/* Begin PBXTargetDependency section */
		A29992092944186D0092AA9C /* PBXTargetDependency */ = {
			isa = PBXTargetDependency;
			target = A29991F62944186B0092AA9C /* L1 Demo */;
			targetProxy = A29992082944186D0092AA9C /* PBXContainerItemProxy */;
		};
		A29992132944186D0092AA9C /* PBXTargetDependency */ = {
			isa = PBXTargetDependency;
			target = A29991F62944186B0092AA9C /* L1 Demo */;
			targetProxy = A29992122944186D0092AA9C /* PBXContainerItemProxy */;
		};
/* End PBXTargetDependency section */

/* Begin XCBuildConfiguration section */
		A29992192944186D0092AA9C /* Debug */ = {
			isa = XCBuildConfiguration;
			buildSettings = {
				ALWAYS_SEARCH_USER_PATHS = NO;
				CLANG_ANALYZER_NONNULL = YES;
				CLANG_ANALYZER_NUMBER_OBJECT_CONVERSION = YES_AGGRESSIVE;
				CLANG_CXX_LANGUAGE_STANDARD = "gnu++20";
				CLANG_ENABLE_MODULES = YES;
				CLANG_ENABLE_OBJC_ARC = YES;
				CLANG_ENABLE_OBJC_WEAK = YES;
				CLANG_WARN_BLOCK_CAPTURE_AUTORELEASING = YES;
				CLANG_WARN_BOOL_CONVERSION = YES;
				CLANG_WARN_COMMA = YES;
				CLANG_WARN_CONSTANT_CONVERSION = YES;
				CLANG_WARN_DEPRECATED_OBJC_IMPLEMENTATIONS = YES;
				CLANG_WARN_DIRECT_OBJC_ISA_USAGE = YES_ERROR;
				CLANG_WARN_DOCUMENTATION_COMMENTS = YES;
				CLANG_WARN_EMPTY_BODY = YES;
				CLANG_WARN_ENUM_CONVERSION = YES;
				CLANG_WARN_INFINITE_RECURSION = YES;
				CLANG_WARN_INT_CONVERSION = YES;
				CLANG_WARN_NON_LITERAL_NULL_CONVERSION = YES;
				CLANG_WARN_OBJC_IMPLICIT_RETAIN_SELF = YES;
				CLANG_WARN_OBJC_LITERAL_CONVERSION = YES;
				CLANG_WARN_OBJC_ROOT_CLASS = YES_ERROR;
				CLANG_WARN_QUOTED_INCLUDE_IN_FRAMEWORK_HEADER = YES;
				CLANG_WARN_RANGE_LOOP_ANALYSIS = YES;
				CLANG_WARN_STRICT_PROTOTYPES = YES;
				CLANG_WARN_SUSPICIOUS_MOVE = YES;
				CLANG_WARN_UNGUARDED_AVAILABILITY = YES_AGGRESSIVE;
				CLANG_WARN_UNREACHABLE_CODE = YES;
				CLANG_WARN__DUPLICATE_METHOD_MATCH = YES;
				COPY_PHASE_STRIP = NO;
				DEBUG_INFORMATION_FORMAT = dwarf;
				ENABLE_STRICT_OBJC_MSGSEND = YES;
				ENABLE_TESTABILITY = YES;
				GCC_C_LANGUAGE_STANDARD = gnu11;
				GCC_DYNAMIC_NO_PIC = NO;
				GCC_NO_COMMON_BLOCKS = YES;
				GCC_OPTIMIZATION_LEVEL = 0;
				GCC_PREPROCESSOR_DEFINITIONS = (
					"DEBUG=1",
					"$(inherited)",
				);
				GCC_WARN_64_TO_32_BIT_CONVERSION = YES;
				GCC_WARN_ABOUT_RETURN_TYPE = YES_ERROR;
				GCC_WARN_UNDECLARED_SELECTOR = YES;
				GCC_WARN_UNINITIALIZED_AUTOS = YES_AGGRESSIVE;
				GCC_WARN_UNUSED_FUNCTION = YES;
				GCC_WARN_UNUSED_VARIABLE = YES;
				IPHONEOS_DEPLOYMENT_TARGET = 16.1;
				MTL_ENABLE_DEBUG_INFO = INCLUDE_SOURCE;
				MTL_FAST_MATH = YES;
				ONLY_ACTIVE_ARCH = YES;
				SDKROOT = iphoneos;
				SWIFT_ACTIVE_COMPILATION_CONDITIONS = DEBUG;
				SWIFT_OPTIMIZATION_LEVEL = "-Onone";
			};
			name = Debug;
		};
		A299921A2944186D0092AA9C /* Release */ = {
			isa = XCBuildConfiguration;
			buildSettings = {
				ALWAYS_SEARCH_USER_PATHS = NO;
				CLANG_ANALYZER_NONNULL = YES;
				CLANG_ANALYZER_NUMBER_OBJECT_CONVERSION = YES_AGGRESSIVE;
				CLANG_CXX_LANGUAGE_STANDARD = "gnu++20";
				CLANG_ENABLE_MODULES = YES;
				CLANG_ENABLE_OBJC_ARC = YES;
				CLANG_ENABLE_OBJC_WEAK = YES;
				CLANG_WARN_BLOCK_CAPTURE_AUTORELEASING = YES;
				CLANG_WARN_BOOL_CONVERSION = YES;
				CLANG_WARN_COMMA = YES;
				CLANG_WARN_CONSTANT_CONVERSION = YES;
				CLANG_WARN_DEPRECATED_OBJC_IMPLEMENTATIONS = YES;
				CLANG_WARN_DIRECT_OBJC_ISA_USAGE = YES_ERROR;
				CLANG_WARN_DOCUMENTATION_COMMENTS = YES;
				CLANG_WARN_EMPTY_BODY = YES;
				CLANG_WARN_ENUM_CONVERSION = YES;
				CLANG_WARN_INFINITE_RECURSION = YES;
				CLANG_WARN_INT_CONVERSION = YES;
				CLANG_WARN_NON_LITERAL_NULL_CONVERSION = YES;
				CLANG_WARN_OBJC_IMPLICIT_RETAIN_SELF = YES;
				CLANG_WARN_OBJC_LITERAL_CONVERSION = YES;
				CLANG_WARN_OBJC_ROOT_CLASS = YES_ERROR;
				CLANG_WARN_QUOTED_INCLUDE_IN_FRAMEWORK_HEADER = YES;
				CLANG_WARN_RANGE_LOOP_ANALYSIS = YES;
				CLANG_WARN_STRICT_PROTOTYPES = YES;
				CLANG_WARN_SUSPICIOUS_MOVE = YES;
				CLANG_WARN_UNGUARDED_AVAILABILITY = YES_AGGRESSIVE;
				CLANG_WARN_UNREACHABLE_CODE = YES;
				CLANG_WARN__DUPLICATE_METHOD_MATCH = YES;
				COPY_PHASE_STRIP = NO;
				DEBUG_INFORMATION_FORMAT = "dwarf-with-dsym";
				ENABLE_NS_ASSERTIONS = NO;
				ENABLE_STRICT_OBJC_MSGSEND = YES;
				GCC_C_LANGUAGE_STANDARD = gnu11;
				GCC_NO_COMMON_BLOCKS = YES;
				GCC_WARN_64_TO_32_BIT_CONVERSION = YES;
				GCC_WARN_ABOUT_RETURN_TYPE = YES_ERROR;
				GCC_WARN_UNDECLARED_SELECTOR = YES;
				GCC_WARN_UNINITIALIZED_AUTOS = YES_AGGRESSIVE;
				GCC_WARN_UNUSED_FUNCTION = YES;
				GCC_WARN_UNUSED_VARIABLE = YES;
				IPHONEOS_DEPLOYMENT_TARGET = 16.1;
				MTL_ENABLE_DEBUG_INFO = NO;
				MTL_FAST_MATH = YES;
				SDKROOT = iphoneos;
				SWIFT_COMPILATION_MODE = wholemodule;
				SWIFT_OPTIMIZATION_LEVEL = "-O";
				VALIDATE_PRODUCT = YES;
			};
			name = Release;
		};
		A299921C2944186D0092AA9C /* Debug */ = {
			isa = XCBuildConfiguration;
			buildSettings = {
				ASSETCATALOG_COMPILER_APPICON_NAME = AppIcon;
				ASSETCATALOG_COMPILER_GLOBAL_ACCENT_COLOR_NAME = AccentColor;
				CODE_SIGN_STYLE = Automatic;
				CURRENT_PROJECT_VERSION = 1;
				DEVELOPMENT_ASSET_PATHS = "\"L1 Demo/Preview Content\"";
				ENABLE_PREVIEWS = YES;
				GENERATE_INFOPLIST_FILE = YES;
				INFOPLIST_KEY_UIApplicationSceneManifest_Generation = YES;
				INFOPLIST_KEY_UIApplicationSupportsIndirectInputEvents = YES;
				INFOPLIST_KEY_UILaunchScreen_Generation = YES;
				INFOPLIST_KEY_UISupportedInterfaceOrientations_iPad = "UIInterfaceOrientationPortrait UIInterfaceOrientationPortraitUpsideDown UIInterfaceOrientationLandscapeLeft UIInterfaceOrientationLandscapeRight";
				INFOPLIST_KEY_UISupportedInterfaceOrientations_iPhone = "UIInterfaceOrientationPortrait UIInterfaceOrientationLandscapeLeft UIInterfaceOrientationLandscapeRight";
				LD_RUNPATH_SEARCH_PATHS = (
					"$(inherited)",
					"@executable_path/Frameworks",
				);
				MARKETING_VERSION = 1.0;
				PRODUCT_BUNDLE_IDENTIFIER = "com.fschorles.L1-Demo";
				PRODUCT_NAME = "$(TARGET_NAME)";
				SWIFT_EMIT_LOC_STRINGS = YES;
				SWIFT_VERSION = 5.0;
				TARGETED_DEVICE_FAMILY = "1,2";
			};
			name = Debug;
		};
		A299921D2944186D0092AA9C /* Release */ = {
			isa = XCBuildConfiguration;
			buildSettings = {
				ASSETCATALOG_COMPILER_APPICON_NAME = AppIcon;
				ASSETCATALOG_COMPILER_GLOBAL_ACCENT_COLOR_NAME = AccentColor;
				CODE_SIGN_STYLE = Automatic;
				CURRENT_PROJECT_VERSION = 1;
				DEVELOPMENT_ASSET_PATHS = "\"L1 Demo/Preview Content\"";
				ENABLE_PREVIEWS = YES;
				GENERATE_INFOPLIST_FILE = YES;
				INFOPLIST_KEY_UIApplicationSceneManifest_Generation = YES;
				INFOPLIST_KEY_UIApplicationSupportsIndirectInputEvents = YES;
				INFOPLIST_KEY_UILaunchScreen_Generation = YES;
				INFOPLIST_KEY_UISupportedInterfaceOrientations_iPad = "UIInterfaceOrientationPortrait UIInterfaceOrientationPortraitUpsideDown UIInterfaceOrientationLandscapeLeft UIInterfaceOrientationLandscapeRight";
				INFOPLIST_KEY_UISupportedInterfaceOrientations_iPhone = "UIInterfaceOrientationPortrait UIInterfaceOrientationLandscapeLeft UIInterfaceOrientationLandscapeRight";
				LD_RUNPATH_SEARCH_PATHS = (
					"$(inherited)",
					"@executable_path/Frameworks",
				);
				MARKETING_VERSION = 1.0;
				PRODUCT_BUNDLE_IDENTIFIER = "com.fschorles.L1-Demo";
				PRODUCT_NAME = "$(TARGET_NAME)";
				SWIFT_EMIT_LOC_STRINGS = YES;
				SWIFT_VERSION = 5.0;
				TARGETED_DEVICE_FAMILY = "1,2";
			};
			name = Release;
		};
		A299921F2944186D0092AA9C /* Debug */ = {
			isa = XCBuildConfiguration;
			buildSettings = {
				ALWAYS_EMBED_SWIFT_STANDARD_LIBRARIES = YES;
				BUNDLE_LOADER = "$(TEST_HOST)";
				CODE_SIGN_STYLE = Automatic;
				CURRENT_PROJECT_VERSION = 1;
				GENERATE_INFOPLIST_FILE = YES;
				IPHONEOS_DEPLOYMENT_TARGET = 16.1;
				MARKETING_VERSION = 1.0;
				PRODUCT_BUNDLE_IDENTIFIER = "com.fschorles.L1-DemoTests";
				PRODUCT_NAME = "$(TARGET_NAME)";
				SWIFT_EMIT_LOC_STRINGS = NO;
				SWIFT_VERSION = 5.0;
				TARGETED_DEVICE_FAMILY = "1,2";
				TEST_HOST = "$(BUILT_PRODUCTS_DIR)/L1 Demo.app/$(BUNDLE_EXECUTABLE_FOLDER_PATH)/L1 Demo";
			};
			name = Debug;
		};
		A29992202944186D0092AA9C /* Release */ = {
			isa = XCBuildConfiguration;
			buildSettings = {
				ALWAYS_EMBED_SWIFT_STANDARD_LIBRARIES = YES;
				BUNDLE_LOADER = "$(TEST_HOST)";
				CODE_SIGN_STYLE = Automatic;
				CURRENT_PROJECT_VERSION = 1;
				GENERATE_INFOPLIST_FILE = YES;
				IPHONEOS_DEPLOYMENT_TARGET = 16.1;
				MARKETING_VERSION = 1.0;
				PRODUCT_BUNDLE_IDENTIFIER = "com.fschorles.L1-DemoTests";
				PRODUCT_NAME = "$(TARGET_NAME)";
				SWIFT_EMIT_LOC_STRINGS = NO;
				SWIFT_VERSION = 5.0;
				TARGETED_DEVICE_FAMILY = "1,2";
				TEST_HOST = "$(BUILT_PRODUCTS_DIR)/L1 Demo.app/$(BUNDLE_EXECUTABLE_FOLDER_PATH)/L1 Demo";
			};
			name = Release;
		};
		A29992222944186D0092AA9C /* Debug */ = {
			isa = XCBuildConfiguration;
			buildSettings = {
				ALWAYS_EMBED_SWIFT_STANDARD_LIBRARIES = YES;
				CODE_SIGN_STYLE = Automatic;
				CURRENT_PROJECT_VERSION = 1;
				GENERATE_INFOPLIST_FILE = YES;
				MARKETING_VERSION = 1.0;
				PRODUCT_BUNDLE_IDENTIFIER = "com.fschorles.L1-DemoUITests";
				PRODUCT_NAME = "$(TARGET_NAME)";
				SWIFT_EMIT_LOC_STRINGS = NO;
				SWIFT_VERSION = 5.0;
				TARGETED_DEVICE_FAMILY = "1,2";
				TEST_TARGET_NAME = "L1 Demo";
			};
			name = Debug;
		};
		A29992232944186D0092AA9C /* Release */ = {
			isa = XCBuildConfiguration;
			buildSettings = {
				ALWAYS_EMBED_SWIFT_STANDARD_LIBRARIES = YES;
				CODE_SIGN_STYLE = Automatic;
				CURRENT_PROJECT_VERSION = 1;
				GENERATE_INFOPLIST_FILE = YES;
				MARKETING_VERSION = 1.0;
				PRODUCT_BUNDLE_IDENTIFIER = "com.fschorles.L1-DemoUITests";
				PRODUCT_NAME = "$(TARGET_NAME)";
				SWIFT_EMIT_LOC_STRINGS = NO;
				SWIFT_VERSION = 5.0;
				TARGETED_DEVICE_FAMILY = "1,2";
				TEST_TARGET_NAME = "L1 Demo";
			};
			name = Release;
		};
/* End XCBuildConfiguration section */

/* Begin XCConfigurationList section */
		A29991F22944186B0092AA9C /* Build configuration list for PBXProject "L1 Demo" */ = {
			isa = XCConfigurationList;
			buildConfigurations = (
				A29992192944186D0092AA9C /* Debug */,
				A299921A2944186D0092AA9C /* Release */,
			);
			defaultConfigurationIsVisible = 0;
			defaultConfigurationName = Release;
		};
		A299921B2944186D0092AA9C /* Build configuration list for PBXNativeTarget "L1 Demo" */ = {
			isa = XCConfigurationList;
			buildConfigurations = (
				A299921C2944186D0092AA9C /* Debug */,
				A299921D2944186D0092AA9C /* Release */,
			);
			defaultConfigurationIsVisible = 0;
			defaultConfigurationName = Release;
		};
		A299921E2944186D0092AA9C /* Build configuration list for PBXNativeTarget "L1 DemoTests" */ = {
			isa = XCConfigurationList;
			buildConfigurations = (
				A299921F2944186D0092AA9C /* Debug */,
				A29992202944186D0092AA9C /* Release */,
			);
			defaultConfigurationIsVisible = 0;
			defaultConfigurationName = Release;
		};
		A29992212944186D0092AA9C /* Build configuration list for PBXNativeTarget "L1 DemoUITests" */ = {
			isa = XCConfigurationList;
			buildConfigurations = (
				A29992222944186D0092AA9C /* Debug */,
				A29992232944186D0092AA9C /* Release */,
			);
			defaultConfigurationIsVisible = 0;
			defaultConfigurationName = Release;
		};
/* End XCConfigurationList section */
	};
	rootObject = A29991EF2944186B0092AA9C /* Project object */;
}
